Microsoft Visual Studio Solution File, Format Version 12.00
# Visual Studio Version 17
VisualStudioVersion = 17.5.2.0
MinimumVisualStudioVersion = 10.0.40219.1
Project("{2150E333-8FDC-42A3-9474-1A3956D46DE8}") = "task-7-cs-collections", "task-7-cs-collections", "{418BEA42-E051-A8E4-6BCF-4EB84782A7DB}"
EndProject
Project("{FAE04EC0-301F-11D3-BF4B-00C04F79EFBC}") = "CollectionsTask", "task-7-cs-collections\CollectionsTask\CollectionsTask.csproj", "{861097BE-5A40-587A-E66D-9E5E5ED72998}"
EndProject
Global
	GlobalSection(SolutionConfigurationPlatforms) = preSolution
		Debug|Any CPU = Debug|Any CPU
		Release|Any CPU = Release|Any CPU
	EndGlobalSection
	GlobalSection(ProjectConfigurationPlatforms) = postSolution
		{861097BE-5A40-587A-E66D-9E5E5ED72998}.Debug|Any CPU.ActiveCfg = Debug|Any CPU
		{861097BE-5A40-587A-E66D-9E5E5ED72998}.Debug|Any CPU.Build.0 = Debug|Any CPU
		{861097BE-5A40-587A-E66D-9E5E5ED72998}.Release|Any CPU.ActiveCfg = Release|Any CPU
		{861097BE-5A40-587A-E66D-9E5E5ED72998}.Release|Any CPU.Build.0 = Release|Any CPU
	EndGlobalSection
	GlobalSection(SolutionProperties) = preSolution
		HideSolutionNode = FALSE
	EndGlobalSection
	GlobalSection(NestedProjects) = preSolution
		{861097BE-5A40-587A-E66D-9E5E5ED72998} = {418BEA42-E051-A8E4-6BCF-4EB84782A7DB}
	EndGlobalSection
	GlobalSection(ExtensibilityGlobals) = postSolution
		SolutionGuid = {0CD876A8-E9E3-4BE8-A4E8-1E6101E039B8}
	EndGlobalSection
EndGlobal
